
Microsoft Visual Studio Solution File, Format Version 12.00
# Visual Studio Version 16
VisualStudioVersion = 16.0.29306.81
MinimumVisualStudioVersion = 10.0.40219.1
Project("{FAE04EC0-301F-11D3-BF4B-00C04F79EFBC}") = "1712928_Caro6x6_CaiTien", "1712928_Caro6x6_CaiTien\1712928_Caro6x6_CaiTien.csproj", "{C561A553-CAF3-46B0-ADB8-ED7A5E42FFEF}"
EndProject
Global
	GlobalSection(SolutionConfigurationPlatforms) = preSolution
		Debug|Any CPU = Debug|Any CPU
		Release|Any CPU = Release|Any CPU
	EndGlobalSection
	GlobalSection(ProjectConfigurationPlatforms) = postSolution
		{C561A553-CAF3-46B0-ADB8-ED7A5E42FFEF}.Debug|Any CPU.ActiveCfg = Debug|Any CPU
		{C561A553-CAF3-46B0-ADB8-ED7A5E42FFEF}.Debug|Any CPU.Build.0 = Debug|Any CPU
		{C561A553-CAF3-46B0-ADB8-ED7A5E42FFEF}.Release|Any CPU.ActiveCfg = Release|Any CPU
		{C561A553-CAF3-46B0-ADB8-ED7A5E42FFEF}.Release|Any CPU.Build.0 = Release|Any CPU
	EndGlobalSection
	GlobalSection(SolutionProperties) = preSolution
		HideSolutionNode = FALSE
	EndGlobalSection
	GlobalSection(ExtensibilityGlobals) = postSolution
		SolutionGuid = {8002904C-9001-41EA-8931-4286205C66C4}
	EndGlobalSection
EndGlobal
